
Microsoft Visual Studio Solution File, Format Version 12.00
# Visual Studio Version 17
VisualStudioVersion = 17.7.34024.191
MinimumVisualStudioVersion = 10.0.40219.1
Project("{9A19103F-16F7-4668-BE54-9A1E7A4F7556}") = "YOLO_csharp", "YOLO_csharp.csproj", "{6F1E3703-5049-426B-B603-A5352121AC45}"
EndProject
Project("{FAE04EC0-301F-11D3-BF4B-00C04F79EFBC}") = "ConsolePart", "..\ConsolePart\ConsolePart.csproj", "{33E04AF8-81AD-4F5D-B951-C4D24850D63D}"
EndProject
Global
	GlobalSection(SolutionConfigurationPlatforms) = preSolution
		Debug|Any CPU = Debug|Any CPU
		Debug|x64 = Debug|x64
		Release|Any CPU = Release|Any CPU
		Release|x64 = Release|x64
	EndGlobalSection
	GlobalSection(ProjectConfigurationPlatforms) = postSolution
		{6F1E3703-5049-426B-B603-A5352121AC45}.Debug|Any CPU.ActiveCfg = Debug|Any CPU
		{6F1E3703-5049-426B-B603-A5352121AC45}.Debug|Any CPU.Build.0 = Debug|Any CPU
		{6F1E3703-5049-426B-B603-A5352121AC45}.Debug|x64.ActiveCfg = Debug|x64
		{6F1E3703-5049-426B-B603-A5352121AC45}.Debug|x64.Build.0 = Debug|x64
		{6F1E3703-5049-426B-B603-A5352121AC45}.Release|Any CPU.ActiveCfg = Release|Any CPU
		{6F1E3703-5049-426B-B603-A5352121AC45}.Release|Any CPU.Build.0 = Release|Any CPU
		{6F1E3703-5049-426B-B603-A5352121AC45}.Release|x64.ActiveCfg = Release|Any CPU
		{33E04AF8-81AD-4F5D-B951-C4D24850D63D}.Debug|Any CPU.ActiveCfg = Debug|Any CPU
		{33E04AF8-81AD-4F5D-B951-C4D24850D63D}.Debug|Any CPU.Build.0 = Debug|Any CPU
		{33E04AF8-81AD-4F5D-B951-C4D24850D63D}.Debug|x64.ActiveCfg = Debug|Any CPU
		{33E04AF8-81AD-4F5D-B951-C4D24850D63D}.Debug|x64.Build.0 = Debug|Any CPU
		{33E04AF8-81AD-4F5D-B951-C4D24850D63D}.Release|Any CPU.ActiveCfg = Release|Any CPU
		{33E04AF8-81AD-4F5D-B951-C4D24850D63D}.Release|Any CPU.Build.0 = Release|Any CPU
		{33E04AF8-81AD-4F5D-B951-C4D24850D63D}.Release|x64.ActiveCfg = Release|Any CPU
		{33E04AF8-81AD-4F5D-B951-C4D24850D63D}.Release|x64.Build.0 = Release|Any CPU
	EndGlobalSection
	GlobalSection(SolutionProperties) = preSolution
		HideSolutionNode = FALSE
	EndGlobalSection
	GlobalSection(ExtensibilityGlobals) = postSolution
		SolutionGuid = {297F7FDA-E718-4E87-92E3-19E8BFE0CFF6}
	EndGlobalSection
EndGlobal
